# This file was autogenerated by uv via the following command:
#    uv pip compile pyproject.toml -o uv.lock --extra dev
aiofiles==24.1.0
    # via unstructured-client
alembic==1.16.4
    # via fastapi-llm-cookiecutter (pyproject.toml)
amqp==5.3.1
    # via kombu
annotated-types==0.7.0
    # via pydantic
anyio==4.10.0
    # via
    #   httpx
    #   openai
    #   starlette
    #   watchfiles
asgiref==3.9.1
    # via opentelemetry-instrumentation-asgi
azure-ai-contentsafety==1.0.0
    # via fastapi-llm-cookiecutter (pyproject.toml)
azure-common==1.1.28
    # via azure-search-documents
azure-core==1.35.0
    # via
    #   azure-ai-contentsafety
    #   azure-identity
    #   azure-search-documents
    #   azure-storage-blob
azure-identity==1.24.0
    # via fastapi-llm-cookiecutter (pyproject.toml)
azure-search-documents==11.5.3
    # via fastapi-llm-cookiecutter (pyproject.toml)
azure-storage-blob==12.26.0
    # via fastapi-llm-cookiecutter (pyproject.toml)
backoff==2.2.1
    # via unstructured
beautifulsoup4==4.13.5
    # via unstructured
billiard==4.2.1
    # via celery
black==25.1.0
    # via fastapi-llm-cookiecutter (pyproject.toml)
celery==5.5.3
    # via fastapi-llm-cookiecutter (pyproject.toml)
certifi==2025.8.3
    # via
    #   httpcore
    #   httpx
    #   requests
    #   sentry-sdk
cffi==1.17.1
    # via cryptography
cfgv==3.4.0
    # via pre-commit
charset-normalizer==3.4.3
    # via
    #   requests
    #   unstructured
click==8.2.1
    # via
    #   black
    #   celery
    #   click-didyoumean
    #   click-plugins
    #   click-repl
    #   nltk
    #   python-oxmsg
    #   uvicorn
click-didyoumean==0.3.1
    # via celery
click-plugins==1.1.1.2
    # via celery
click-repl==0.3.0
    # via celery
cryptography==45.0.6
    # via
    #   azure-identity
    #   azure-storage-blob
    #   msal
    #   pyjwt
    #   unstructured-client
dataclasses-json==0.6.7
    # via unstructured
distlib==0.4.0
    # via virtualenv
distro==1.9.0
    # via openai
emoji==2.14.1
    # via unstructured
fastapi==0.116.1
    # via
    #   fastapi-llm-cookiecutter (pyproject.toml)
    #   fastapi-limiter
fastapi-limiter==0.1.6
    # via fastapi-llm-cookiecutter (pyproject.toml)
filelock==3.19.1
    # via virtualenv
filetype==1.2.0
    # via unstructured
greenlet==3.2.4
    # via sqlalchemy
h11==0.16.0
    # via
    #   httpcore
    #   uvicorn
html5lib==1.1
    # via unstructured
httpcore==1.0.9
    # via
    #   httpx
    #   unstructured-client
httptools==0.6.4
    # via uvicorn
httpx==0.28.1
    # via
    #   fastapi-llm-cookiecutter (pyproject.toml)
    #   langsmith
    #   openai
    #   respx
    #   unstructured-client
identify==2.6.13
    # via pre-commit
idna==3.10
    # via
    #   anyio
    #   httpx
    #   requests
importlib-metadata==8.7.0
    # via opentelemetry-api
iniconfig==2.1.0
    # via pytest
isodate==0.7.2
    # via
    #   azure-ai-contentsafety
    #   azure-search-documents
    #   azure-storage-blob
jiter==0.10.0
    # via openai
joblib==1.5.1
    # via nltk
jsonpatch==1.33
    # via langchain-core
jsonpointer==3.0.0
    # via jsonpatch
kombu==5.5.4
    # via celery
langchain-core==0.3.74
    # via langchain-text-splitters
langchain-text-splitters==0.3.9
    # via fastapi-llm-cookiecutter (pyproject.toml)
langdetect==1.0.9
    # via unstructured
langsmith==0.4.16
    # via langchain-core
lxml==6.0.1
    # via unstructured
mako==1.3.10
    # via alembic
markupsafe==3.0.2
    # via mako
marshmallow==3.26.1
    # via dataclasses-json
msal==1.33.0
    # via
    #   azure-identity
    #   msal-extensions
msal-extensions==1.3.1
    # via azure-identity
mypy==1.17.1
    # via fastapi-llm-cookiecutter (pyproject.toml)
mypy-extensions==1.1.0
    # via
    #   black
    #   mypy
    #   typing-inspect
nltk==3.9.1
    # via unstructured
nodeenv==1.9.1
    # via pre-commit
numpy==2.3.2
    # via unstructured
olefile==0.47
    # via python-oxmsg
openai==1.101.0
    # via fastapi-llm-cookiecutter (pyproject.toml)
opentelemetry-api==1.36.0
    # via
    #   opentelemetry-instrumentation
    #   opentelemetry-instrumentation-asgi
    #   opentelemetry-instrumentation-fastapi
    #   opentelemetry-sdk
    #   opentelemetry-semantic-conventions
opentelemetry-instrumentation==0.57b0
    # via
    #   opentelemetry-instrumentation-asgi
    #   opentelemetry-instrumentation-fastapi
opentelemetry-instrumentation-asgi==0.57b0
    # via opentelemetry-instrumentation-fastapi
opentelemetry-instrumentation-fastapi==0.57b0
    # via fastapi-llm-cookiecutter (pyproject.toml)
opentelemetry-sdk==1.36.0
    # via fastapi-llm-cookiecutter (pyproject.toml)
opentelemetry-semantic-conventions==0.57b0
    # via
    #   opentelemetry-instrumentation
    #   opentelemetry-instrumentation-asgi
    #   opentelemetry-instrumentation-fastapi
    #   opentelemetry-sdk
opentelemetry-util-http==0.57b0
    # via
    #   opentelemetry-instrumentation-asgi
    #   opentelemetry-instrumentation-fastapi
orjson==3.11.2
    # via langsmith
packaging==25.0
    # via
    #   black
    #   kombu
    #   langchain-core
    #   langsmith
    #   marshmallow
    #   opentelemetry-instrumentation
    #   pytest
pathspec==0.12.1
    # via
    #   black
    #   mypy
platformdirs==4.3.8
    # via
    #   black
    #   virtualenv
pluggy==1.6.0
    # via pytest
pre-commit==4.3.0
    # via fastapi-llm-cookiecutter (pyproject.toml)
prometheus-client==0.22.1
    # via fastapi-llm-cookiecutter (pyproject.toml)
prompt-toolkit==3.0.51
    # via click-repl
psutil==7.0.0
    # via unstructured
psycopg==3.2.9
    # via fastapi-llm-cookiecutter (pyproject.toml)
psycopg-binary==3.2.9
    # via psycopg
pycparser==2.22
    # via cffi
pydantic==2.11.7
    # via
    #   fastapi-llm-cookiecutter (pyproject.toml)
    #   fastapi
    #   langchain-core
    #   langsmith
    #   openai
    #   pydantic-settings
    #   unstructured-client
pydantic-core==2.33.2
    # via pydantic
pydantic-settings==2.10.1
    # via fastapi-llm-cookiecutter (pyproject.toml)
pygments==2.19.2
    # via pytest
pyjwt==2.10.1
    # via
    #   fastapi-llm-cookiecutter (pyproject.toml)
    #   msal
pypdf==6.0.0
    # via
    #   fastapi-llm-cookiecutter (pyproject.toml)
    #   unstructured-client
pytest==8.4.1
    # via
    #   fastapi-llm-cookiecutter (pyproject.toml)
    #   pytest-asyncio
pytest-asyncio==1.1.0
    # via fastapi-llm-cookiecutter (pyproject.toml)
python-dateutil==2.9.0.post0
    # via celery
python-dotenv==1.1.1
    # via
    #   pydantic-settings
    #   uvicorn
python-iso639==2025.2.18
    # via unstructured
python-magic==0.4.27
    # via unstructured
python-multipart==0.0.20
    # via fastapi-llm-cookiecutter (pyproject.toml)
python-oxmsg==0.0.2
    # via unstructured
pyyaml==6.0.2
    # via
    #   langchain-core
    #   pre-commit
    #   uvicorn
rapidfuzz==3.13.0
    # via unstructured
redis==6.4.0
    # via
    #   fastapi-llm-cookiecutter (pyproject.toml)
    #   fastapi-limiter
regex==2025.7.34
    # via nltk
requests==2.32.5
    # via
    #   azure-core
    #   langsmith
    #   msal
    #   requests-toolbelt
    #   unstructured
requests-toolbelt==1.0.0
    # via
    #   langsmith
    #   unstructured-client
respx==0.22.0
    # via fastapi-llm-cookiecutter (pyproject.toml)
ruff==0.12.10
    # via fastapi-llm-cookiecutter (pyproject.toml)
sentry-sdk==2.35.0
    # via fastapi-llm-cookiecutter (pyproject.toml)
six==1.17.0
    # via
    #   azure-core
    #   html5lib
    #   langdetect
    #   python-dateutil
sniffio==1.3.1
    # via
    #   anyio
    #   openai
soupsieve==2.7
    # via beautifulsoup4
sqlalchemy==2.0.43
    # via
    #   fastapi-llm-cookiecutter (pyproject.toml)
    #   alembic
starlette==0.47.3
    # via fastapi
structlog==25.4.0
    # via fastapi-llm-cookiecutter (pyproject.toml)
tenacity==9.1.2
    # via langchain-core
tqdm==4.67.1
    # via
    #   nltk
    #   openai
    #   unstructured
typing-extensions==4.15.0
    # via
    #   alembic
    #   anyio
    #   azure-core
    #   azure-identity
    #   azure-search-documents
    #   azure-storage-blob
    #   beautifulsoup4
    #   fastapi
    #   langchain-core
    #   mypy
    #   openai
    #   opentelemetry-api
    #   opentelemetry-sdk
    #   opentelemetry-semantic-conventions
    #   psycopg
    #   pydantic
    #   pydantic-core
    #   python-oxmsg
    #   sqlalchemy
    #   starlette
    #   typing-inspect
    #   typing-inspection
    #   unstructured
typing-inspect==0.9.0
    # via dataclasses-json
typing-inspection==0.4.1
    # via
    #   pydantic
    #   pydantic-settings
tzdata==2025.2
    # via kombu
unstructured==0.18.13
    # via fastapi-llm-cookiecutter (pyproject.toml)
unstructured-client==0.42.3
    # via unstructured
urllib3==2.5.0
    # via
    #   requests
    #   sentry-sdk
uvicorn==0.35.0
    # via fastapi-llm-cookiecutter (pyproject.toml)
uvloop==0.21.0
    # via uvicorn
vine==5.1.0
    # via
    #   amqp
    #   celery
    #   kombu
virtualenv==20.34.0
    # via pre-commit
watchfiles==1.1.0
    # via uvicorn
wcwidth==0.2.13
    # via prompt-toolkit
webencodings==0.5.1
    # via html5lib
websockets==15.0.1
    # via uvicorn
wrapt==1.17.3
    # via
    #   opentelemetry-instrumentation
    #   unstructured
zipp==3.23.0
    # via importlib-metadata
zstandard==0.24.0
    # via langsmith
